
Microsoft Visual Studio Solution File, Format Version 12.00
# Visual Studio Version 17
VisualStudioVersion = 17.7.34024.191
MinimumVisualStudioVersion = 10.0.40219.1
Project("{FAE04EC0-301F-11D3-BF4B-00C04F79EFBC}") = "MIS3033_002_LC_0906_AbigailPidgeon", "MIS3033_002_LC_0906_AbigailPidgeon\MIS3033_002_LC_0906_AbigailPidgeon.csproj", "{5FF287A2-0073-4165-AA4A-DFC31EB32383}"
EndProject
Global
	GlobalSection(SolutionConfigurationPlatforms) = preSolution
		Debug|Any CPU = Debug|Any CPU
		Release|Any CPU = Release|Any CPU
	EndGlobalSection
	GlobalSection(ProjectConfigurationPlatforms) = postSolution
		{5FF287A2-0073-4165-AA4A-DFC31EB32383}.Debug|Any CPU.ActiveCfg = Debug|Any CPU
		{5FF287A2-0073-4165-AA4A-DFC31EB32383}.Debug|Any CPU.Build.0 = Debug|Any CPU
		{5FF287A2-0073-4165-AA4A-DFC31EB32383}.Release|Any CPU.ActiveCfg = Release|Any CPU
		{5FF287A2-0073-4165-AA4A-DFC31EB32383}.Release|Any CPU.Build.0 = Release|Any CPU
	EndGlobalSection
	GlobalSection(SolutionProperties) = preSolution
		HideSolutionNode = FALSE
	EndGlobalSection
	GlobalSection(ExtensibilityGlobals) = postSolution
		SolutionGuid = {556F60B0-EE0E-4FB6-B7BE-D1A424F51BB2}
	EndGlobalSection
EndGlobal
